
Microsoft Visual Studio Solution File, Format Version 12.00
# Visual Studio Version 17
VisualStudioVersion = 17.1.32407.343
MinimumVisualStudioVersion = 10.0.40219.1
Project("{FAE04EC0-301F-11D3-BF4B-00C04F79EFBC}") = "RPNCalculatorC", "RPNCalculatorC\RPNCalculatorC.csproj", "{55902326-AA98-4CC8-B45E-B6A1D8B3AB3C}"
EndProject
Project("{FAE04EC0-301F-11D3-BF4B-00C04F79EFBC}") = "RPNCalculatorC.Core", "RPNCalculatorC.Core\RPNCalculatorC.Core.csproj", "{634C39F5-325B-40CD-85E9-F700145672B0}"
EndProject
Global
	GlobalSection(SolutionConfigurationPlatforms) = preSolution
		Debug|Any CPU = Debug|Any CPU
		Release|Any CPU = Release|Any CPU
	EndGlobalSection
	GlobalSection(ProjectConfigurationPlatforms) = postSolution
		{55902326-AA98-4CC8-B45E-B6A1D8B3AB3C}.Debug|Any CPU.ActiveCfg = Debug|Any CPU
		{55902326-AA98-4CC8-B45E-B6A1D8B3AB3C}.Debug|Any CPU.Build.0 = Debug|Any CPU
		{55902326-AA98-4CC8-B45E-B6A1D8B3AB3C}.Release|Any CPU.ActiveCfg = Release|Any CPU
		{55902326-AA98-4CC8-B45E-B6A1D8B3AB3C}.Release|Any CPU.Build.0 = Release|Any CPU
		{634C39F5-325B-40CD-85E9-F700145672B0}.Debug|Any CPU.ActiveCfg = Debug|Any CPU
		{634C39F5-325B-40CD-85E9-F700145672B0}.Debug|Any CPU.Build.0 = Debug|Any CPU
		{634C39F5-325B-40CD-85E9-F700145672B0}.Release|Any CPU.ActiveCfg = Release|Any CPU
		{634C39F5-325B-40CD-85E9-F700145672B0}.Release|Any CPU.Build.0 = Release|Any CPU
	EndGlobalSection
	GlobalSection(SolutionProperties) = preSolution
		HideSolutionNode = FALSE
	EndGlobalSection
	GlobalSection(ExtensibilityGlobals) = postSolution
		SolutionGuid = {D65F9763-C9CC-4418-9597-094619D35012}
	EndGlobalSection
EndGlobal
